
Microsoft Visual Studio Solution File, Format Version 12.00
# Visual Studio 15
VisualStudioVersion = 15.0.28307.902
MinimumVisualStudioVersion = 10.0.40219.1
Project("{FAE04EC0-301F-11D3-BF4B-00C04F79EFBC}") = "UICOMPILER", "UICOMPILER\UICOMPILER.csproj", "{B72667F7-7BEF-4D37-BDC2-0B207800D1CA}"
EndProject
Project("{8BC9CEB8-8B4A-11D0-8D11-00A0C91BC942}") = "Compiler", "..\..\DLL\Compiler\Compiler.vcxproj", "{A82F430F-1170-4B8D-8D10-CED6F475632E}"
EndProject
Global
	GlobalSection(SolutionConfigurationPlatforms) = preSolution
		Debug|Any CPU = Debug|Any CPU
		Debug|x64 = Debug|x64
		Debug|x86 = Debug|x86
		Release|Any CPU = Release|Any CPU
		Release|x64 = Release|x64
		Release|x86 = Release|x86
	EndGlobalSection
	GlobalSection(ProjectConfigurationPlatforms) = postSolution
		{B72667F7-7BEF-4D37-BDC2-0B207800D1CA}.Debug|Any CPU.ActiveCfg = Debug|Any CPU
		{B72667F7-7BEF-4D37-BDC2-0B207800D1CA}.Debug|Any CPU.Build.0 = Debug|Any CPU
		{B72667F7-7BEF-4D37-BDC2-0B207800D1CA}.Debug|x64.ActiveCfg = Debug|x64
		{B72667F7-7BEF-4D37-BDC2-0B207800D1CA}.Debug|x64.Build.0 = Debug|x64
		{B72667F7-7BEF-4D37-BDC2-0B207800D1CA}.Debug|x86.ActiveCfg = Debug|Any CPU
		{B72667F7-7BEF-4D37-BDC2-0B207800D1CA}.Debug|x86.Build.0 = Debug|Any CPU
		{B72667F7-7BEF-4D37-BDC2-0B207800D1CA}.Release|Any CPU.ActiveCfg = Release|Any CPU
		{B72667F7-7BEF-4D37-BDC2-0B207800D1CA}.Release|Any CPU.Build.0 = Release|Any CPU
		{B72667F7-7BEF-4D37-BDC2-0B207800D1CA}.Release|x64.ActiveCfg = Release|Any CPU
		{B72667F7-7BEF-4D37-BDC2-0B207800D1CA}.Release|x64.Build.0 = Release|Any CPU
		{B72667F7-7BEF-4D37-BDC2-0B207800D1CA}.Release|x86.ActiveCfg = Release|Any CPU
		{B72667F7-7BEF-4D37-BDC2-0B207800D1CA}.Release|x86.Build.0 = Release|Any CPU
		{A82F430F-1170-4B8D-8D10-CED6F475632E}.Debug|Any CPU.ActiveCfg = Debug|Win32
		{A82F430F-1170-4B8D-8D10-CED6F475632E}.Debug|x64.ActiveCfg = Debug|x64
		{A82F430F-1170-4B8D-8D10-CED6F475632E}.Debug|x64.Build.0 = Debug|x64
		{A82F430F-1170-4B8D-8D10-CED6F475632E}.Debug|x86.ActiveCfg = Debug|Win32
		{A82F430F-1170-4B8D-8D10-CED6F475632E}.Debug|x86.Build.0 = Debug|Win32
		{A82F430F-1170-4B8D-8D10-CED6F475632E}.Release|Any CPU.ActiveCfg = Release|Win32
		{A82F430F-1170-4B8D-8D10-CED6F475632E}.Release|x64.ActiveCfg = Release|x64
		{A82F430F-1170-4B8D-8D10-CED6F475632E}.Release|x64.Build.0 = Release|x64
		{A82F430F-1170-4B8D-8D10-CED6F475632E}.Release|x86.ActiveCfg = Release|Win32
		{A82F430F-1170-4B8D-8D10-CED6F475632E}.Release|x86.Build.0 = Release|Win32
	EndGlobalSection
	GlobalSection(SolutionProperties) = preSolution
		HideSolutionNode = FALSE
	EndGlobalSection
	GlobalSection(ExtensibilityGlobals) = postSolution
		SolutionGuid = {D5187DEA-21B3-49F6-821E-1DDEB23BEA04}
	EndGlobalSection
EndGlobal
